PODS:
  - Applozic (3.8.3):
    - SDWebImage (~> 3.8)
  - Bolts (1.8.4):
    - Bolts/AppLinks (= 1.8.4)
    - Bolts/Tasks (= 1.8.4)
  - Bolts/AppLinks (1.8.4):
    - Bolts/Tasks
  - Bolts/Tasks (1.8.4)
  - DOFavoriteButton (0.0.4)
  - DZNEmptyDataSet (1.8.1)
  - FacebookCore (0.2.0):
    - Bolts (~> 1.8)
    - FBSDKCoreKit (~> 4.15)
  - FacebookLogin (0.2.0):
    - Bolts (~> 1.8)
    - FacebookCore (~> 0.2)
    - FBSDKCoreKit (~> 4.15)
    - FBSDKLoginKit (~> 4.15)
  - FacebookShare (0.2.0):
    - Bolts (~> 1.8)
    - FacebookCore (~> 0.2)
    - FBSDKCoreKit (~> 4.15)
    - FBSDKShareKit (~> 4.15)
  - FBSDKCoreKit (4.19.0):
    - Bolts (~> 1.7)
  - FBSDKLoginKit (4.19.0):
    - FBSDKCoreKit
  - FBSDKShareKit (4.19.0):
    - FBSDKCoreKit
  - Firebase/Auth (3.13.0):
    - Firebase/Core
    - FirebaseAuth (= 3.1.1)
  - Firebase/Core (3.13.0):
    - FirebaseAnalytics (= 3.7.0)
    - FirebaseCore (= 3.5.0)
  - Firebase/Database (3.13.0):
    - Firebase/Core
    - FirebaseDatabase (= 3.1.2)
  - Firebase/RemoteConfig (3.13.0):
    - Firebase/Core
    - FirebaseRemoteConfig (= 1.3.3)
  - Firebase/Storage (3.13.0):
    - Firebase/Core
    - FirebaseStorage (= 1.0.6)
  - FirebaseAnalytics (3.7.0):
    - FirebaseCore (~> 3.5)
    - FirebaseInstanceID (~> 1.0)
    - GoogleToolboxForMac/NSData+zlib (~> 2.1)
  - FirebaseAuth (3.1.1):
    - FirebaseAnalytics (~> 3.7)
    - GoogleToolboxForMac/NSDictionary+URLArguments (~> 2.1)
    - GTMSessionFetcher/Core (~> 1.1)
  - FirebaseCore (3.5.0):
    - GoogleToolboxForMac/NSData+zlib (~> 2.1)
  - FirebaseDatabase (3.1.2):
    - FirebaseAnalytics (~> 3.7)
  - FirebaseInstanceID (1.0.9)
  - FirebaseRemoteConfig (1.3.3):
    - FirebaseAnalytics (~> 3.7)
    - FirebaseInstanceID (~> 1.0)
    - GoogleToolboxForMac/NSData+zlib (~> 2.1)
    - Protobuf (~> 3.1)
  - FirebaseStorage (1.0.6):
    - FirebaseAnalytics (~> 3.7)
    - GTMSessionFetcher/Core (~> 1.1)
  - GoogleToolboxForMac/DebugUtils (2.1.1):
    - GoogleToolboxForMac/Defines (= 2.1.1)
  - GoogleToolboxForMac/Defines (2.1.1)
  - GoogleToolboxForMac/NSData+zlib (2.1.1):
    - GoogleToolboxForMac/Defines (= 2.1.1)
  - GoogleToolboxForMac/NSDictionary+URLArguments (2.1.1):
    - GoogleToolboxForMac/DebugUtils (= 2.1.1)
    - GoogleToolboxForMac/Defines (= 2.1.1)
    - GoogleToolboxForMac/NSString+URLArguments (= 2.1.1)
  - GoogleToolboxForMac/NSString+URLArguments (2.1.1)
  - GTMSessionFetcher/Core (1.1.8)
  - HMSegmentedControl (1.5.3)
  - ImageSlideshow (1.0.0):
    - ImageSlideshow/Core (= 1.0.0)
  - ImageSlideshow/Core (1.0.0)
  - Koloda (3.1.2):
    - pop (~> 1.0)
  - NMRangeSlider (1.2.1)
  - PKHUD (4.2.0)
  - pop (1.0.9)
  - Protobuf (3.2.0)
  - RPCircularProgress (0.3.0)
  - RSKImageCropper (1.6.0)
  - RxCocoa (3.2.0):
    - RxSwift (~> 3.1)
  - RxSwift (3.2.0)
  - SDWebImage (3.8.2):
    - SDWebImage/Core (= 3.8.2)
  - SDWebImage/Core (3.8.2)
  - Whisper (4.0.0)

DEPENDENCIES:
  - Applozic
  - Bolts
  - DOFavoriteButton (from `https://github.com/sveinhal/DOFavoriteButton`)
  - DZNEmptyDataSet
  - FacebookCore
  - FacebookLogin
  - FacebookShare
  - Firebase/Auth
  - Firebase/Core
  - Firebase/Database
  - Firebase/RemoteConfig
  - Firebase/Storage
  - HMSegmentedControl
  - ImageSlideshow
  - Koloda (from `https://github.com/woojoapp/Koloda.git`, commit `584d70b02a8fdc202d0c0a38c860da9a917fe7b2`, branch `swift-3`)
  - NMRangeSlider
  - PKHUD (~> 4.0)
  - RPCircularProgress
  - RSKImageCropper
  - RxCocoa
  - RxSwift
  - SDWebImage
  - Whisper

EXTERNAL SOURCES:
  DOFavoriteButton:
    :git: https://github.com/sveinhal/DOFavoriteButton
  Koloda:
    :branch: swift-3
    :commit: 584d70b02a8fdc202d0c0a38c860da9a917fe7b2
    :git: https://github.com/woojoapp/Koloda.git

CHECKOUT OPTIONS:
  DOFavoriteButton:
    :commit: ec6dce39c54e8f6174ffabcd0002343f9caa424f
    :git: https://github.com/sveinhal/DOFavoriteButton
  Koloda:
    :commit: 584d70b02a8fdc202d0c0a38c860da9a917fe7b2
    :git: https://github.com/woojoapp/Koloda.git

SPEC CHECKSUMS:
  Applozic: 9acedca0e6e5f759c10d4e1f42ed9127ba4705d6
  Bolts: 8a7995239dbe724f9cba2248b766d48b7ebdd322
  DOFavoriteButton: 866e15af173d2dd5233971a1f657a5f31d2491d5
  DZNEmptyDataSet: 9525833b9e68ac21c30253e1d3d7076cc828eaa7
  FacebookCore: 2cb3f0fbff218e9d3119cec84bae983b232412de
  FacebookLogin: c9d606504735780a9e3002465a615512e0a691a5
  FacebookShare: 8e9ee8ea06505e6a1d3d719b0cc63e840fb8aaeb
  FBSDKCoreKit: 894b2b6eda6a4c8c4204e92e59cc355709ef045c
  FBSDKLoginKit: 83ca4d8f12a2022570af9fd6aacf27f6b425b99f
  FBSDKShareKit: 5953758366278430dc322d5cdc906db361ed7f81
  Firebase: 5bc34d7b5ff5792e3386c8b28dc6265deeab0da4
  FirebaseAnalytics: 0d1b7d81d5021155be37702a94ba1ec16d45365d
  FirebaseAuth: cc8a1824170adbd351edb7f994490a3fb5c18be6
  FirebaseCore: 1c0a13bf59bb95cdd19577252499f0ec6a03e999
  FirebaseDatabase: 05c96d7b43a7368dc91c07791adb49683e1738d1
  FirebaseInstanceID: 2d0518b1378fe9d685ef40cbdd63d2fdc1125339
  FirebaseRemoteConfig: f8625d0693b8a6737cdd867a9c6e9ea0e3c70a6a
  FirebaseStorage: 63628572a5fde258f8e933b5fb42697468da0158
  GoogleToolboxForMac: 8e329f1b599f2512c6b10676d45736bcc2cbbeb0
  GTMSessionFetcher: 6f8d8b28b7e345549ac471071608170b31cb4977
  HMSegmentedControl: 7c6145afb50f26cec5f3243082f6f12b9f41318f
  ImageSlideshow: 2787e10e202b79ecf5348a205c539fcc5bb8e62b
  Koloda: 5aee353329cd1605540f1215a4c1975481dc7a37
  NMRangeSlider: 317ded652431eb90501c8421d9cddc3930d891e6
  PKHUD: 48af884cf00c2213b0313b739d914e6cab1c0f5e
  pop: f667631a5108a2e60d9e8797c9b32ddaf2080bce
  Protobuf: 745f59e122e5de98d4d7ef291e264a0eef80f58e
  RPCircularProgress: 46bee24642e0cb8de53f49e6c85733b9c45dee33
  RSKImageCropper: 6903235c7a8a79acb1e1f3490e2c911b858f8208
  RxCocoa: ccdf43101a70407097a29082f648ba1676075b30
  RxSwift: 46574f70d416b7923c237195939cc488a7fbf3a0
  SDWebImage: 098e97e6176540799c27e804c96653ee0833d13c
  Whisper: 08be92623311f8e53201e62e17f6d7b9599a4714

PODFILE CHECKSUM: 652f5523e19e73e58868f2d07a5a0dbeb45cfecf

COCOAPODS: 1.2.0
