PODS:
  - Applozic (3.6.1)
  - Bolts (1.8.4):
    - Bolts/AppLinks (= 1.8.4)
    - Bolts/Tasks (= 1.8.4)
  - Bolts/AppLinks (1.8.4):
    - Bolts/Tasks
  - Bolts/Tasks (1.8.4)
  - FacebookCore (0.2.0):
    - Bolts (~> 1.8)
    - FBSDKCoreKit (~> 4.15)
  - FacebookLogin (0.2.0):
    - Bolts (~> 1.8)
    - FacebookCore (~> 0.2)
    - FBSDKCoreKit (~> 4.15)
    - FBSDKLoginKit (~> 4.15)
  - FacebookShare (0.2.0):
    - Bolts (~> 1.8)
    - FacebookCore (~> 0.2)
    - FBSDKCoreKit (~> 4.15)
    - FBSDKShareKit (~> 4.15)
  - FBSDKCoreKit (4.17.0):
    - Bolts (~> 1.7)
  - FBSDKLoginKit (4.17.0):
    - FBSDKCoreKit
  - FBSDKShareKit (4.17.0):
    - FBSDKCoreKit
  - Firebase/Auth (3.9.0):
    - Firebase/Core
    - FirebaseAuth (= 3.0.6)
  - Firebase/Core (3.9.0):
    - FirebaseAnalytics (= 3.5.1)
    - FirebaseCore (= 3.4.4)
  - Firebase/Database (3.9.0):
    - Firebase/Core
    - FirebaseDatabase (= 3.1.0)
  - Firebase/Storage (3.9.0):
    - Firebase/Core
    - FirebaseStorage (= 1.0.4)
  - FirebaseAnalytics (3.5.1):
    - FirebaseCore (~> 3.4)
    - FirebaseInstanceID (~> 1.0)
    - GoogleInterchangeUtilities (~> 1.2)
    - GoogleSymbolUtilities (~> 1.1)
    - GoogleToolboxForMac/NSData+zlib (~> 2.1)
  - FirebaseAuth (3.0.6):
    - FirebaseAnalytics (~> 3.4)
    - GoogleToolboxForMac/NSDictionary+URLArguments (~> 2.1)
    - GTMSessionFetcher/Core (~> 1.1)
  - FirebaseCore (3.4.4):
    - GoogleInterchangeUtilities (~> 1.2)
    - GoogleToolboxForMac/NSData+zlib (~> 2.1)
  - FirebaseDatabase (3.1.0):
    - FirebaseAnalytics (~> 3.4)
  - FirebaseInstanceID (1.0.8)
  - FirebaseStorage (1.0.4):
    - FirebaseAnalytics (~> 3.4)
    - GTMSessionFetcher/Core (~> 1.1)
  - GoogleInterchangeUtilities (1.2.2):
    - GoogleSymbolUtilities (~> 1.1)
  - GoogleSymbolUtilities (1.1.2)
  - GoogleToolboxForMac/DebugUtils (2.1.0):
    - GoogleToolboxForMac/Defines (= 2.1.0)
  - GoogleToolboxForMac/Defines (2.1.0)
  - GoogleToolboxForMac/NSData+zlib (2.1.0):
    - GoogleToolboxForMac/Defines (= 2.1.0)
  - GoogleToolboxForMac/NSDictionary+URLArguments (2.1.0):
    - GoogleToolboxForMac/DebugUtils (= 2.1.0)
    - GoogleToolboxForMac/Defines (= 2.1.0)
    - GoogleToolboxForMac/NSString+URLArguments (= 2.1.0)
  - GoogleToolboxForMac/NSString+URLArguments (2.1.0)
  - GTMSessionFetcher/Core (1.1.7)
  - Koloda (3.1.2):
    - pop (~> 1.0)
  - NMRangeSlider (1.2.1)
  - PKHUD (4.0.0)
  - pop (1.0.9)
  - RSKImageCropper (1.5.2)
  - RxCocoa (3.0.1):
    - RxSwift (~> 3.0)
  - RxSwift (3.0.1)
  - TGLParallaxCarousel (1.0.0)

DEPENDENCIES:
  - Applozic
  - Bolts
  - FacebookCore
  - FacebookLogin
  - FacebookShare
  - Firebase/Auth
  - Firebase/Core
  - Firebase/Database
  - Firebase/Storage
  - Koloda (from `https://github.com/woojoapp/Koloda.git`, commit `584d70b02a8fdc202d0c0a38c860da9a917fe7b2`, branch `swift-3`)
  - NMRangeSlider
  - PKHUD (~> 4.0)
  - RSKImageCropper
  - RxCocoa
  - RxSwift
  - TGLParallaxCarousel (from `https://github.com/woojoapp/TGLParallaxCarousel`)

EXTERNAL SOURCES:
  Koloda:
    :branch: swift-3
    :commit: 584d70b02a8fdc202d0c0a38c860da9a917fe7b2
    :git: https://github.com/woojoapp/Koloda.git
  TGLParallaxCarousel:
    :git: https://github.com/woojoapp/TGLParallaxCarousel

CHECKOUT OPTIONS:
  Koloda:
    :commit: 584d70b02a8fdc202d0c0a38c860da9a917fe7b2
    :git: https://github.com/woojoapp/Koloda.git
  TGLParallaxCarousel:
    :commit: a3a8b134b559522f98f5862bb0b20f1a7b512aaf
    :git: https://github.com/woojoapp/TGLParallaxCarousel

SPEC CHECKSUMS:
  Applozic: ed9896ba4e58752d47de17935600396bfe4ccb19
  Bolts: 8a7995239dbe724f9cba2248b766d48b7ebdd322
  FacebookCore: 2cb3f0fbff218e9d3119cec84bae983b232412de
  FacebookLogin: c9d606504735780a9e3002465a615512e0a691a5
  FacebookShare: 8e9ee8ea06505e6a1d3d719b0cc63e840fb8aaeb
  FBSDKCoreKit: 30a21d2d7b92984b3d80497113433c00824c35e9
  FBSDKLoginKit: 42b7129ac0373ca99eaf4cbebf4d07bd42371f59
  FBSDKShareKit: 9b573d03fbee36cbaf42d5bb1f2bc019e0d72347
  Firebase: ff77ffb77b317c3720fef57a60e9335cebf962e6
  FirebaseAnalytics: 6e58fc9b397664369ac7617fb0ba93fab6ba7b5b
  FirebaseAuth: 96e9674ff31d6e1f826d53e26aa003a57cab0295
  FirebaseCore: d0ed25f27b6f9158eccc439f1be6f92e81207e28
  FirebaseDatabase: 3ebb2edb6007c3f0f87b248f3fa212bde56a1468
  FirebaseInstanceID: ba1e640935235e5fac39dfa816fe7660e72e1a8a
  FirebaseStorage: c50aa353bf484072704e73b4aff1bd47adb735c4
  GoogleInterchangeUtilities: d5bc4d88d5b661ab72f9d70c58d02ca8c27ad1f7
  GoogleSymbolUtilities: 631ee17048aa5e9ab133470d768ea997a5ef9b96
  GoogleToolboxForMac: 2b2596cbb7186865e98cadf2b1e262d851c2b168
  GTMSessionFetcher: a1f8ed39e4fe21c68957daed472c7afbcdf29166
  Koloda: 5aee353329cd1605540f1215a4c1975481dc7a37
  NMRangeSlider: 317ded652431eb90501c8421d9cddc3930d891e6
  PKHUD: 2bb45c936bb8afa39f3cd33ec14e8cc89f624255
  pop: f667631a5108a2e60d9e8797c9b32ddaf2080bce
  RSKImageCropper: 27d0e7efa800b509720163c3561fe08a04853780
  RxCocoa: 15a52fc590dcc700cb4a690a633b5c5184ce3a78
  RxSwift: af5680055c4ad04480189c52d28385b1029493a6
  TGLParallaxCarousel: 94c8b4f271f0c1a1a3d973da1206f31771255e44

PODFILE CHECKSUM: 92423b4bd4f278692e97da9607c478e81835a355

COCOAPODS: 1.1.1
