PODS:
  - Applozic (4.3.0):
    - SDWebImage (~> 3.8)
  - Bolts (1.8.4):
    - Bolts/AppLinks (= 1.8.4)
    - Bolts/Tasks (= 1.8.4)
  - Bolts/AppLinks (1.8.4):
    - Bolts/Tasks
  - Bolts/Tasks (1.8.4)
  - DOFavoriteButton (0.0.4)
  - DZNEmptyDataSet (1.8.1)
  - FacebookCore (0.2.0):
    - Bolts (~> 1.8)
    - FBSDKCoreKit (~> 4.15)
  - FacebookLogin (0.2.0):
    - Bolts (~> 1.8)
    - FacebookCore (~> 0.2)
    - FBSDKCoreKit (~> 4.15)
    - FBSDKLoginKit (~> 4.15)
  - FacebookShare (0.2.0):
    - Bolts (~> 1.8)
    - FacebookCore (~> 0.2)
    - FBSDKCoreKit (~> 4.15)
    - FBSDKShareKit (~> 4.15)
  - FBSDKCoreKit (4.15.0):
    - Bolts (~> 1.7)
  - FBSDKLoginKit (4.15.0):
    - FBSDKCoreKit
  - FBSDKShareKit (4.15.0):
    - FBSDKCoreKit
  - Firebase/Auth (4.3.0):
    - Firebase/Core
    - FirebaseAuth (= 4.2.1)
  - Firebase/Core (4.3.0):
    - FirebaseAnalytics (= 4.0.4)
    - FirebaseCore (= 4.0.8)
  - Firebase/Database (4.3.0):
    - Firebase/Core
    - FirebaseDatabase (= 4.1.0)
  - Firebase/Messaging (4.3.0):
    - Firebase/Core
    - FirebaseMessaging (= 2.0.4)
  - Firebase/RemoteConfig (4.3.0):
    - Firebase/Core
    - FirebaseRemoteConfig (= 2.0.3)
  - Firebase/Storage (4.3.0):
    - Firebase/Core
    - FirebaseStorage (= 2.0.2)
  - FirebaseAnalytics (4.0.4):
    - FirebaseCore (~> 4.0)
    - FirebaseInstanceID (~> 2.0)
    - GoogleToolboxForMac/NSData+zlib (~> 2.1)
    - nanopb (~> 0.3)
  - FirebaseAuth (4.2.1):
    - FirebaseAnalytics (~> 4.0)
    - GoogleToolboxForMac/NSDictionary+URLArguments (~> 2.1)
    - GTMSessionFetcher/Core (~> 1.1)
  - FirebaseCore (4.0.8):
    - GoogleToolboxForMac/NSData+zlib (~> 2.1)
    - nanopb (~> 0.3)
  - FirebaseDatabase (4.1.0):
    - FirebaseAnalytics (~> 4.0)
    - FirebaseCore (~> 4.0)
    - leveldb-library (~> 1.18)
  - FirebaseInstanceID (2.0.0):
    - FirebaseCore (~> 4.0)
  - FirebaseMessaging (2.0.4):
    - FirebaseAnalytics (~> 4.0)
    - FirebaseCore (~> 4.0)
    - FirebaseInstanceID (~> 2.0)
    - GoogleToolboxForMac/Logger (~> 2.1)
    - Protobuf (~> 3.1)
  - FirebaseRemoteConfig (2.0.3):
    - FirebaseAnalytics (~> 4.0)
    - FirebaseInstanceID (~> 2.0)
    - GoogleToolboxForMac/NSData+zlib (~> 2.1)
    - Protobuf (~> 3.1)
  - FirebaseStorage (2.0.2):
    - FirebaseAnalytics (~> 4.0)
    - FirebaseCore (~> 4.0)
    - GTMSessionFetcher/Core (~> 1.1)
  - FirebaseUI/Storage (2.0.0):
    - Firebase/Storage
    - SDWebImage
  - GoogleToolboxForMac/DebugUtils (2.1.3):
    - GoogleToolboxForMac/Defines (= 2.1.3)
  - GoogleToolboxForMac/Defines (2.1.3)
  - GoogleToolboxForMac/Logger (2.1.3):
    - GoogleToolboxForMac/Defines (= 2.1.3)
  - GoogleToolboxForMac/NSData+zlib (2.1.3):
    - GoogleToolboxForMac/Defines (= 2.1.3)
  - GoogleToolboxForMac/NSDictionary+URLArguments (2.1.3):
    - GoogleToolboxForMac/DebugUtils (= 2.1.3)
    - GoogleToolboxForMac/Defines (= 2.1.3)
    - GoogleToolboxForMac/NSString+URLArguments (= 2.1.3)
  - GoogleToolboxForMac/NSString+URLArguments (2.1.3)
  - GTMSessionFetcher/Core (1.1.12)
  - HMSegmentedControl (1.5.3)
  - ImageSlideshow (1.0.0):
    - ImageSlideshow/Core (= 1.0.0)
  - ImageSlideshow/Core (1.0.0)
  - Koloda (4.3.1):
    - pop (~> 1.0)
  - leveldb-library (1.18.3)
  - nanopb (0.3.8):
    - nanopb/decode (= 0.3.8)
    - nanopb/encode (= 0.3.8)
  - nanopb/decode (0.3.8)
  - nanopb/encode (0.3.8)
  - NMRangeSlider (1.2.1)
  - PKHUD (5.0.0)
  - pop (1.0.10)
  - Protobuf (3.4.0)
  - RPCircularProgress (0.3.0)
  - RSKImageCropper (1.6.1)
  - RxCocoa (3.2.0):
    - RxSwift (~> 3.1)
  - RxSwift (3.2.0)
  - SDWebImage (3.8.2):
    - SDWebImage/Core (= 3.8.2)
  - SDWebImage/Core (3.8.2)
  - TTTAttributedLabel (2.0.0)
  - Whisper (4.0.0)

DEPENDENCIES:
  - Applozic (= 4.3.0)
  - Bolts (= 1.8.4)
  - DOFavoriteButton (from `https://github.com/woojoapp/DOFavoriteButton`, tag `woojo2.0`)
  - DZNEmptyDataSet (= 1.8.1)
  - FacebookCore
  - FacebookLogin
  - FacebookShare
  - FBSDKCoreKit (= 4.15.0)
  - FBSDKLoginKit (= 4.15.0)
  - FBSDKShareKit (= 4.15.0)
  - Firebase/Auth
  - Firebase/Core (= 4.3.0)
  - Firebase/Database
  - Firebase/Messaging
  - Firebase/RemoteConfig
  - Firebase/Storage
  - FirebaseInstanceID (= 2.0.0)
  - FirebaseUI/Storage (= 2.0.0)
  - HMSegmentedControl (= 1.5.3)
  - ImageSlideshow (= 1.0.0)
  - Koloda (from `https://github.com/woojoapp/Koloda.git`)
  - NMRangeSlider (= 1.2.1)
  - PKHUD (= 5.0.0)
  - RPCircularProgress (= 0.3.0)
  - RSKImageCropper (= 1.6.1)
  - RxCocoa (= 3.2.0)
  - RxSwift (= 3.2.0)
  - SDWebImage (= 3.8.2)
  - TTTAttributedLabel (= 2.0.0)
  - Whisper (from `https://github.com/woojoapp/Whisper.git`, tag `woojo2.0`)

EXTERNAL SOURCES:
  DOFavoriteButton:
    :git: https://github.com/woojoapp/DOFavoriteButton
    :tag: woojo2.0
  Koloda:
    :git: https://github.com/woojoapp/Koloda.git
  Whisper:
    :git: https://github.com/woojoapp/Whisper.git
    :tag: woojo2.0

CHECKOUT OPTIONS:
  DOFavoriteButton:
    :git: https://github.com/woojoapp/DOFavoriteButton
    :tag: woojo2.0
  Koloda:
    :commit: 8286020077badb0649ad5172c7d839d5ebeb00db
    :git: https://github.com/woojoapp/Koloda.git
  Whisper:
    :git: https://github.com/woojoapp/Whisper.git
    :tag: woojo2.0

SPEC CHECKSUMS:
  Applozic: fdfa55652170d1e26f65f4b578569e41ae8a2359
  Bolts: 8a7995239dbe724f9cba2248b766d48b7ebdd322
  DOFavoriteButton: 866e15af173d2dd5233971a1f657a5f31d2491d5
  DZNEmptyDataSet: 9525833b9e68ac21c30253e1d3d7076cc828eaa7
  FacebookCore: 2cb3f0fbff218e9d3119cec84bae983b232412de
  FacebookLogin: c9d606504735780a9e3002465a615512e0a691a5
  FacebookShare: 8e9ee8ea06505e6a1d3d719b0cc63e840fb8aaeb
  FBSDKCoreKit: 6680cbd33a4243d80700f182d0af36b3fa7f3118
  FBSDKLoginKit: 96d9b70b5784490f02ab86119e542a1f182017a8
  FBSDKShareKit: 06ef20cb2f16828ca4b20055333313dd445de362
  Firebase: 83283761a1ef6dc9846e03d08059f51421afbd65
  FirebaseAnalytics: 722b53c7b32bfc7806b06e0093a2f5180d4f2c5a
  FirebaseAuth: d7f047fbeab98062b98ea933b8d934e0fb1190e2
  FirebaseCore: 69b1a5ac5f857ba6d5fd9d5fe794f4786dd5e579
  FirebaseDatabase: 607284a103e961d7f5863ee603cab5e85f443bd6
  FirebaseInstanceID: 9fbf536668f4d3f0880e7438456dabd1376e294b
  FirebaseMessaging: 3dd86bfda2acb680b05c97f3f8ac566e9bb87b2a
  FirebaseRemoteConfig: 1c982f73af48ec048c8fa8621d5178cfdffac9aa
  FirebaseStorage: 0cca42d9b889a0227c3a50121f45a4469fc9eb27
  FirebaseUI: beda8ada3b190e960e25713266eda0b4776e7a97
  GoogleToolboxForMac: 2501e2ad72a52eb3dfe7bd9aee7dad11b858bd20
  GTMSessionFetcher: ebaa1f79a5366922c1735f1566901f50beba23b7
  HMSegmentedControl: 7c6145afb50f26cec5f3243082f6f12b9f41318f
  ImageSlideshow: 2787e10e202b79ecf5348a205c539fcc5bb8e62b
  Koloda: 5eb4a2348004b35999fafd8dc2c0c8f0e0f6be20
  leveldb-library: 10fb39c39e243db4af1828441162405bbcec1404
  nanopb: 5601e6bca2dbf1ed831b519092ec110f66982ca3
  NMRangeSlider: 317ded652431eb90501c8421d9cddc3930d891e6
  PKHUD: 3c001512c6e002091184197a8de7a20420786e3b
  pop: 82ca6b068ce9278fd350fd9dd09482a0ce9492e6
  Protobuf: 03eef2ee0b674770735cf79d9c4d3659cf6908e8
  RPCircularProgress: 46bee24642e0cb8de53f49e6c85733b9c45dee33
  RSKImageCropper: 0df8c99e77a8ea7ca7a8b83ef468556f31584254
  RxCocoa: ccdf43101a70407097a29082f648ba1676075b30
  RxSwift: 46574f70d416b7923c237195939cc488a7fbf3a0
  SDWebImage: 098e97e6176540799c27e804c96653ee0833d13c
  TTTAttributedLabel: 8cffe8e127e4e82ff3af1e5386d4cd0ad000b656
  Whisper: 08be92623311f8e53201e62e17f6d7b9599a4714

PODFILE CHECKSUM: 3aa7b7eb688b46039554055a9f433a561f976067

COCOAPODS: 1.3.1
